
Microsoft Visual Studio Solution File, Format Version 12.00
# Visual Studio Version 17
VisualStudioVersion = 17.8.34227.203
MinimumVisualStudioVersion = 10.0.40219.1
Project("{FAE04EC0-301F-11D3-BF4B-00C04F79EFBC}") = "BotWhatsApp2", "BotWhatsApp2\BotWhatsApp2.csproj", "{FC8B3DF9-DD4E-472C-88C4-54D7541D169A}"
EndProject
Global
	GlobalSection(SolutionConfigurationPlatforms) = preSolution
		Debug|Any CPU = Debug|Any CPU
		Release|Any CPU = Release|Any CPU
	EndGlobalSection
	GlobalSection(ProjectConfigurationPlatforms) = postSolution
		{FC8B3DF9-DD4E-472C-88C4-54D7541D169A}.Debug|Any CPU.ActiveCfg = Debug|Any CPU
		{FC8B3DF9-DD4E-472C-88C4-54D7541D169A}.Debug|Any CPU.Build.0 = Debug|Any CPU
		{FC8B3DF9-DD4E-472C-88C4-54D7541D169A}.Release|Any CPU.ActiveCfg = Release|Any CPU
		{FC8B3DF9-DD4E-472C-88C4-54D7541D169A}.Release|Any CPU.Build.0 = Release|Any CPU
	EndGlobalSection
	GlobalSection(SolutionProperties) = preSolution
		HideSolutionNode = FALSE
	EndGlobalSection
	GlobalSection(ExtensibilityGlobals) = postSolution
		SolutionGuid = {DCAFF563-9545-4A11-983F-1099C45CC57A}
	EndGlobalSection
EndGlobal
